
Microsoft Visual Studio Solution File, Format Version 12.00
# Visual Studio Version 17
VisualStudioVersion = 17.14.36414.22 d17.14
MinimumVisualStudioVersion = 10.0.40219.1
Project("{FAE04EC0-301F-11D3-BF4B-00C04F79EFBC}") = "WebApplication1", "WebApplication1\WebApplication1.csproj", "{BDB57E8B-AA77-43D0-A762-1B03A381C768}"
EndProject
Global
	GlobalSection(SolutionConfigurationPlatforms) = preSolution
		Debug|Any CPU = Debug|Any CPU
		Release|Any CPU = Release|Any CPU
	EndGlobalSection
	GlobalSection(ProjectConfigurationPlatforms) = postSolution
		{BDB57E8B-AA77-43D0-A762-1B03A381C768}.Debug|Any CPU.ActiveCfg = Debug|Any CPU
		{BDB57E8B-AA77-43D0-A762-1B03A381C768}.Debug|Any CPU.Build.0 = Debug|Any CPU
		{BDB57E8B-AA77-43D0-A762-1B03A381C768}.Release|Any CPU.ActiveCfg = Release|Any CPU
		{BDB57E8B-AA77-43D0-A762-1B03A381C768}.Release|Any CPU.Build.0 = Release|Any CPU
	EndGlobalSection
	GlobalSection(SolutionProperties) = preSolution
		HideSolutionNode = FALSE
	EndGlobalSection
	GlobalSection(ExtensibilityGlobals) = postSolution
		SolutionGuid = {5664D7BE-594D-4193-B35F-1A937E9EAB5E}
	EndGlobalSection
EndGlobal
